<?xml version="1.0" encoding="utf-8"?>
<Project ToolsVersion="4.0" xmlns="http://schemas.microsoft.com/developer/msbuild/2003">
  <ItemGroup>
    <ClCompile Include="Draw.cpp" />
    <ClCompile Include="Light.cpp" />
    <ClCompile Include="Main.cpp" />
    <ClCompile Include="System.cpp" />
  </ItemGroup>
  <ItemGroup>
    <ClInclude Include="head.h" />
  </ItemGroup>
</Project>